<?xml version="1.0" encoding="utf-8"?>
<Project ToolsVersion="4.0" xmlns="http://schemas.microsoft.com/developer/msbuild/2003">
  <ItemGroup>
    <Filter Include="Pliki źródłowe">
      <UniqueIdentifier>{4FC737F1-C7A5-4376-A066-2A32D752A2FF}</UniqueIdentifier>
      <Extensions>cpp;c;cc;cxx;def;odl;idl;hpj;bat;asm;asmx</Extensions>
    </Filter>
    <Filter Include="Pliki zasobów">
      <UniqueIdentifier>{67DA6AB6-F800-4c08-8B7A-83BB121AAD01}</UniqueIdentifier>
      <Extensions>rc;ico;cur;bmp;dlg;rc2;rct;bin;rgs;gif;jpg;jpeg;jpe;resx;tiff;tif;png;wav;mfcribbon-ms</Extensions>
    </Filter>
  </ItemGroup>
  <ItemGroup>
    <ClCompile Include="main.cpp">
      <Filter>Pliki źródłowe</Filter>
    </ClCompile>
    <ClCompile Include="Game.cpp">
      <Filter>Pliki źródłowe</Filter>
    </ClCompile>
    <ClCompile Include="StateMachine.cpp">
      <Filter>Pliki źródłowe</Filter>
    </ClCompile>
    <ClCompile Include="AssetManager.cpp">
      <Filter>Pliki źródłowe</Filter>
    </ClCompile>
    <ClCompile Include="MainMenuState.cpp">
      <Filter>Pliki źródłowe</Filter>
    </ClCompile>
    <ClCompile Include="State.cpp">
      <Filter>Pliki źródłowe</Filter>
    </ClCompile>
    <ClCompile Include="InfoState.cpp">
      <Filter>Pliki źródłowe</Filter>
    </ClCompile>
    <ClCompile Include="GameState.cpp">
      <Filter>Pliki źródłowe</Filter>
    </ClCompile>
    <ClCompile Include="Gameplay\Snake.cpp">
      <Filter>Pliki źródłowe</Filter>
    </ClCompile>
    <ClCompile Include="Gameplay\SnakePart.cpp">
      <Filter>Pliki źródłowe</Filter>
    </ClCompile>
    <ClCompile Include="Gameplay\SnakeHead.cpp">
      <Filter>Pliki źródłowe</Filter>
    </ClCompile>
    <ClCompile Include="Gameplay\SnakeBody.cpp">
      <Filter>Pliki źródłowe</Filter>
    </ClCompile>
    <ClCompile Include="Gameplay\SnakeTail.cpp">
      <Filter>Pliki źródłowe</Filter>
    </ClCompile>
    <ClCompile Include="Gameplay\Grid.cpp">
      <Filter>Pliki źródłowe</Filter>
    </ClCompile>
    <ClCompile Include="Gameplay\GameObject.cpp">
      <Filter>Pliki źródłowe</Filter>
    </ClCompile>
    <ClCompile Include="Gameplay\Apple.cpp">
      <Filter>Pliki źródłowe</Filter>
    </ClCompile>
    <ClCompile Include="Gameplay\Life.cpp">
      <Filter>Pliki źródłowe</Filter>
    </ClCompile>
    <ClCompile Include="Gameplay\PointsPopUp.cpp">
      <Filter>Pliki źródłowe</Filter>
    </ClCompile>
    <ClCompile Include="Gameplay\ScorePopUp.cpp">
      <Filter>Pliki źródłowe</Filter>
    </ClCompile>
    <ClCompile Include="ScoresState.cpp">
      <Filter>Pliki źródłowe</Filter>
    </ClCompile>
  </ItemGroup>
  <ItemGroup>
    <ClInclude Include="Gameplay\Direction.hpp" />
    <ClInclude Include="Gameplay\Grid.hpp" />
    <ClInclude Include="Gameplay\Snake.hpp" />
    <ClInclude Include="Gameplay\SnakeBody.hpp" />
    <ClInclude Include="Gameplay\SnakeHead.hpp" />
    <ClInclude Include="Gameplay\SnakePart.hpp" />
    <ClInclude Include="Gameplay\SnakeTail.hpp" />
    <ClInclude Include="AssetManager.hpp" />
    <ClInclude Include="Game.hpp" />
    <ClInclude Include="GameData.hpp" />
    <ClInclude Include="GameState.hpp" />
    <ClInclude Include="InfoState.hpp" />
    <ClInclude Include="MainMenuState.hpp" />
    <ClInclude Include="StateMachine.hpp" />
    <ClInclude Include="State.hpp" />
    <ClInclude Include="Gameplay\GameObject.hpp" />
    <ClInclude Include="Gameplay\Apple.hpp" />
    <ClInclude Include="Gameplay\Life.hpp" />
    <ClInclude Include="Gameplay\PointsPopUp.hpp" />
    <ClInclude Include="Gameplay\ScorePopUp.hpp" />
    <ClInclude Include="ScoresState.hpp" />
  </ItemGroup>
</Project>